%{
  "accept": {:hex, :accept, "0.3.5", "b33b127abca7cc948bbe6caa4c263369abf1347cfa9d8e699c6d214660f10cd1", [:rebar3], [], "hexpm", "11b18c220bcc2eab63b5470c038ef10eb6783bcb1fcdb11aa4137defa5ac1bb8"},
  "acceptor_pool": {:hex, :acceptor_pool, "1.0.0", "43c20d2acae35f0c2bcd64f9d2bde267e459f0f3fd23dab26485bf518c281b21", [:rebar3], [], "hexpm", "0cbcd83fdc8b9ad2eee2067ef8b91a14858a5883cb7cd800e6fcd5803e158788"},
  "castore": {:hex, :castore, "0.1.13", "ccf3ab251ffaebc4319f41d788ce59a6ab3f42b6c27e598ad838ffecee0b04f9", [:mix], [], "hexpm", "a14a7eecfec7e20385493dbb92b0d12c5d77ecfd6307de10102d58c94e8c49c0"},
  "chatterbox": {:hex, :ts_chatterbox, "0.11.0", "b8f372c706023eb0de5bf2976764edb27c70fe67052c88c1f6a66b3a5626847f", [:rebar3], [{:hpack, "~>0.2.3", [hex: :hpack_erl, repo: "hexpm", optional: false]}], "hexpm", "722fe2bad52913ab7e87d849fc6370375f0c961ffb2f0b5e6d647c9170c382a6"},
  "cowboy": {:hex, :cowboy, "2.9.0", "865dd8b6607e14cf03282e10e934023a1bd8be6f6bacf921a7e2a96d800cd452", [:make, :rebar3], [{:cowlib, "2.11.0", [hex: :cowlib, repo: "hexpm", optional: false]}, {:ranch, "1.8.0", [hex: :ranch, repo: "hexpm", optional: false]}], "hexpm", "2c729f934b4e1aa149aff882f57c6372c15399a20d54f65c8d67bef583021bde"},
  "cowboy_telemetry": {:hex, :cowboy_telemetry, "0.4.0", "f239f68b588efa7707abce16a84d0d2acf3a0f50571f8bb7f56a15865aae820c", [:rebar3], [{:cowboy, "~> 2.7", [hex: :cowboy, repo: "hexpm", optional: false]}, {:telemetry, "~> 1.0", [hex: :telemetry, repo: "hexpm", optional: false]}], "hexpm", "7d98bac1ee4565d31b62d59f8823dfd8356a169e7fcbb83831b8a5397404c9de"},
  "cowlib": {:hex, :cowlib, "2.11.0", "0b9ff9c346629256c42ebe1eeb769a83c6cb771a6ee5960bd110ab0b9b872063", [:make, :rebar3], [], "hexpm", "2b3e9da0b21c4565751a6d4901c20d1b4cc25cbb7fd50d91d2ab6dd287bc86a9"},
  "ctx": {:hex, :ctx, "0.6.0", "8ff88b70e6400c4df90142e7f130625b82086077a45364a78d208ed3ed53c7fe", [:rebar3], [], "hexpm", "a14ed2d1b67723dbebbe423b28d7615eb0bdcba6ff28f2d1f1b0a7e1d4aa5fc2"},
  "esbuild": {:hex, :esbuild, "0.3.3", "1af589106b33bf125f6380459a55847d2bcc9d60bc4605170de8548fb18060b3", [:mix], [{:castore, ">= 0.0.0", [hex: :castore, repo: "hexpm", optional: false]}], "hexpm", "6f860ca9298373a55c58db24f6d5c62c5f7ca1e9d2b8e1602e5f7abc5d6b07bf"},
  "gproc": {:hex, :gproc, "0.8.0", "cea02c578589c61e5341fce149ea36ccef236cc2ecac8691fba408e7ea77ec2f", [:rebar3], [], "hexpm", "580adafa56463b75263ef5a5df4c86af321f68694e7786cb057fd805d1e2a7de"},
  "grpcbox": {:hex, :grpcbox, "0.14.0", "3eb321bcd2275baf8b54cf381feb7b0559a50c02544de28fda039c7f2f9d1a7a", [:rebar3], [{:acceptor_pool, "~>1.0.0", [hex: :acceptor_pool, repo: "hexpm", optional: false]}, {:chatterbox, "~>0.11.0", [hex: :ts_chatterbox, repo: "hexpm", optional: false]}, {:ctx, "~>0.6.0", [hex: :ctx, repo: "hexpm", optional: false]}, {:gproc, "~>0.8.0", [hex: :gproc, repo: "hexpm", optional: false]}], "hexpm", "e24159b7b6d3f9869bbe528845c0125fed2259366ba908fd04a1f45fe81d0660"},
  "hpack": {:hex, :hpack_erl, "0.2.3", "17670f83ff984ae6cd74b1c456edde906d27ff013740ee4d9efaa4f1bf999633", [:rebar3], [], "hexpm", "06f580167c4b8b8a6429040df36cc93bba6d571faeaec1b28816523379cbb23a"},
  "jason": {:hex, :jason, "1.2.2", "ba43e3f2709fd1aa1dce90aaabfd039d000469c05c56f0b8e31978e03fa39052", [:mix], [{:decimal, "~> 1.0 or ~> 2.0", [hex: :decimal, repo: "hexpm", optional: true]}], "hexpm", "18a228f5f0058ee183f29f9eae0805c6e59d61c3b006760668d8d18ff0d12179"},
  "logger_json": {:hex, :logger_json, "4.3.0", "41aaaab2c2e1c071bfddbcc5a3f567884fdf312d222c7f1a7e3de6ab667774f7", [:mix], [{:ecto, "~> 2.1 or ~> 3.0", [hex: :ecto, repo: "hexpm", optional: true]}, {:jason, "~> 1.0", [hex: :jason, repo: "hexpm", optional: false]}, {:plug, "~> 1.0", [hex: :plug, repo: "hexpm", optional: true]}, {:telemetry, "~> 0.4.0 or ~> 1.0", [hex: :telemetry, repo: "hexpm", optional: true]}], "hexpm", "001bbc34d7c451cfeed298c8384cb3aab10b364db2eb095c466c7a1a28bee6e0"},
  "mime": {:hex, :mime, "2.0.2", "0b9e1a4c840eafb68d820b0e2158ef5c49385d17fb36855ac6e7e087d4b1dcc5", [:mix], [], "hexpm", "e6a3f76b4c277739e36c2e21a2c640778ba4c3846189d5ab19f97f126df5f9b7"},
  "opentelemetry": {:hex, :opentelemetry, "1.0.0-rc.3", "d2698bee882c354274563ee85d097bb736a9adb8d8ed376a4deea0cd3a14bb31", [:rebar3], [{:opentelemetry_api, "~> 1.0.0-rc.3", [hex: :opentelemetry_api, repo: "hexpm", optional: false]}], "hexpm", "c9105933df0d783d94cf08d79206eb8d6578abc0bcbd498d0b497ec62a4e30a8"},
  "opentelemetry_api": {:hex, :opentelemetry_api, "1.0.0-rc.3.2", "588ebf85fa7d18eba8db297b7d0a2a654f680f35c4466cd0045cd12a6fda27d7", [:mix, :rebar3], [], "hexpm", "1e0ba55db6718d5797e72c00e3821e60e02f7829e3fb64dc1a7c96f7c2776a58"},
  "opentelemetry_ecto": {:hex, :opentelemetry_ecto, "1.0.0-rc.3", "bbcd7f001ed673fb7ec143184d9cb0cbba4e749c4ef3c10d29826602dc4f357d", [:mix], [{:opentelemetry_api, "~> 1.0.0-rc.3", [hex: :opentelemetry_api, repo: "hexpm", optional: false]}, {:telemetry, "~> 0.4 or ~> 1.0.0", [hex: :telemetry, repo: "hexpm", optional: false]}], "hexpm", "525cc746d346715ebfe4e5da63a311850a3e19ab8c8456dd8fb2f11f0995ddc6"},
  "opentelemetry_exporter": {:hex, :opentelemetry_exporter, "1.0.0-rc.3", "76f5657d4c94a12003d9ed2c8da1023c815e98f5553184dbb0cdaeec76db676d", [:rebar3], [{:grpcbox, ">= 0.0.0", [hex: :grpcbox, repo: "hexpm", optional: false]}, {:opentelemetry, "~> 1.0.0-rc.3", [hex: :opentelemetry, repo: "hexpm", optional: false]}, {:opentelemetry_api, "~> 1.0.0-rc.3", [hex: :opentelemetry_api, repo: "hexpm", optional: false]}], "hexpm", "267f0e4c3f1f5557cc7ad6ac71d66b8eaf7b3b56fde942c21f8a0bc96174fe1e"},
  "opentelemetry_logger_metadata": {:hex, :opentelemetry_logger_metadata, "0.1.0-rc.3", "da3db8756105c29c9d4dc59c0a1194d5ff9c8a85898a0d9db3ad23901eb3f12e", [:mix, :rebar3], [{:opentelemetry_api, "~> 1.0.0-rc.1", [hex: :opentelemetry_api, repo: "hexpm", optional: false]}], "hexpm", "0311fa1b069700d6e950d387f52e6d4b9f40d153d9d5e448d1bd2704ce430727"},
  "opentelemetry_phoenix": {:hex, :opentelemetry_phoenix, "1.0.0-rc.5", "67f7f6589911dad38b47c83814009c76eebb74ac9e867326ca5cfb98c0f2e035", [:mix], [{:opentelemetry_api, "~> 1.0.0-rc.3", [hex: :opentelemetry_api, repo: "hexpm", optional: false]}, {:opentelemetry_telemetry, "~> 1.0.0-beta.4", [hex: :opentelemetry_telemetry, repo: "hexpm", optional: false]}, {:telemetry, "~> 0.4 or ~> 1.0.0", [hex: :telemetry, repo: "hexpm", optional: false]}], "hexpm", "44759547471fbf2ec6c7b01ff1f11892fbfc9f55cbd3879659dd48139e864c7f"},
  "opentelemetry_telemetry": {:hex, :opentelemetry_telemetry, "1.0.0-beta.4", "74b2a9de1b2f1c22955a2fa3263d65a979fd64bf69d3d1571b5c34fdfed95cfa", [:mix, :rebar3], [{:opentelemetry_api, "~> 1.0.0-rc.3", [hex: :opentelemetry_api, repo: "hexpm", optional: false]}, {:telemetry, "~> 1.0", [hex: :telemetry, repo: "hexpm", optional: false]}, {:telemetry_registry, "~> 0.3.0", [hex: :telemetry_registry, repo: "hexpm", optional: false]}], "hexpm", "6ebba3c47a26460a7302bfcdccf87582eeb1a71c2e6abc47845787dcd04fb256"},
  "phoenix": {:hex, :phoenix, "1.6.2", "6cbd5c8ed7a797f25a919a37fafbc2fb1634c9cdb12a4448d7a5d0b26926f005", [:mix], [{:jason, "~> 1.0", [hex: :jason, repo: "hexpm", optional: true]}, {:phoenix_pubsub, "~> 2.0", [hex: :phoenix_pubsub, repo: "hexpm", optional: false]}, {:phoenix_view, "~> 1.0", [hex: :phoenix_view, repo: "hexpm", optional: false]}, {:plug, "~> 1.10", [hex: :plug, repo: "hexpm", optional: false]}, {:plug_cowboy, "~> 2.2", [hex: :plug_cowboy, repo: "hexpm", optional: true]}, {:plug_crypto, "~> 1.2", [hex: :plug_crypto, repo: "hexpm", optional: false]}, {:telemetry, "~> 0.4 or ~> 1.0", [hex: :telemetry, repo: "hexpm", optional: false]}], "hexpm", "7bbee475acae0c3abc229b7f189e210ea788e63bd168e585f60c299a4b2f9133"},
  "phoenix_html": {:hex, :phoenix_html, "3.1.0", "0b499df05aad27160d697a9362f0e89fa0e24d3c7a9065c2bd9d38b4d1416c09", [:mix], [{:plug, "~> 1.5", [hex: :plug, repo: "hexpm", optional: true]}], "hexpm", "0c0a98a2cefa63433657983a2a594c7dee5927e4391e0f1bfd3a151d1def33fc"},
  "phoenix_live_dashboard": {:hex, :phoenix_live_dashboard, "0.6.0", "6779c97a1dfe4a1b5bfc48937de094d3c0f0ad71ec9e51934306e3315e9b8f09", [:mix], [{:ecto, "~> 3.6.2 or ~> 3.7", [hex: :ecto, repo: "hexpm", optional: true]}, {:ecto_mysql_extras, "~> 0.3", [hex: :ecto_mysql_extras, repo: "hexpm", optional: true]}, {:ecto_psql_extras, "~> 0.7", [hex: :ecto_psql_extras, repo: "hexpm", optional: true]}, {:phoenix_live_view, "~> 0.17.1", [hex: :phoenix_live_view, repo: "hexpm", optional: false]}, {:telemetry_metrics, "~> 0.6.0", [hex: :telemetry_metrics, repo: "hexpm", optional: false]}], "hexpm", "a80036cc73c77280e9c14e241d4593104b836b12aca621b244faae61be67ad37"},
  "phoenix_live_view": {:hex, :phoenix_live_view, "0.17.2", "909b8fff47fb2f906bbb70a87790922b7b465f24c69f025cfb9925a95efc9fce", [:mix], [{:jason, "~> 1.0", [hex: :jason, repo: "hexpm", optional: true]}, {:phoenix, "~> 1.5.9 or ~> 1.6.0", [hex: :phoenix, repo: "hexpm", optional: false]}, {:phoenix_html, "~> 3.0", [hex: :phoenix_html, repo: "hexpm", optional: false]}, {:telemetry, "~> 0.4.2 or ~> 1.0", [hex: :telemetry, repo: "hexpm", optional: false]}], "hexpm", "c6cb0ea6fd678e65071efb890113ac6869efbcdb3d9ba8661445323d189ba1f2"},
  "phoenix_pubsub": {:hex, :phoenix_pubsub, "2.0.0", "a1ae76717bb168cdeb10ec9d92d1480fec99e3080f011402c0a2d68d47395ffb", [:mix], [], "hexpm", "c52d948c4f261577b9c6fa804be91884b381a7f8f18450c5045975435350f771"},
  "phoenix_view": {:hex, :phoenix_view, "1.0.0", "fea71ecaaed71178b26dd65c401607de5ec22e2e9ef141389c721b3f3d4d8011", [:mix], [{:phoenix_html, "~> 2.14.2 or ~> 3.0", [hex: :phoenix_html, repo: "hexpm", optional: true]}], "hexpm", "82be3e2516f5633220246e2e58181282c71640dab7afc04f70ad94253025db0c"},
  "plug": {:hex, :plug, "1.12.1", "645678c800601d8d9f27ad1aebba1fdb9ce5b2623ddb961a074da0b96c35187d", [:mix], [{:mime, "~> 1.0 or ~> 2.0", [hex: :mime, repo: "hexpm", optional: false]}, {:plug_crypto, "~> 1.1.1 or ~> 1.2", [hex: :plug_crypto, repo: "hexpm", optional: false]}, {:telemetry, "~> 0.4.3 or ~> 1.0", [hex: :telemetry, repo: "hexpm", optional: false]}], "hexpm", "d57e799a777bc20494b784966dc5fbda91eb4a09f571f76545b72a634ce0d30b"},
  "plug_cowboy": {:hex, :plug_cowboy, "2.5.2", "62894ccd601cf9597e2c23911ff12798a8a18d237e9739f58a6b04e4988899fe", [:mix], [{:cowboy, "~> 2.7", [hex: :cowboy, repo: "hexpm", optional: false]}, {:cowboy_telemetry, "~> 0.3", [hex: :cowboy_telemetry, repo: "hexpm", optional: false]}, {:plug, "~> 1.7", [hex: :plug, repo: "hexpm", optional: false]}], "hexpm", "ea6e87f774c8608d60c8d34022a7d073bd7680a0a013f049fc62bf35efea1044"},
  "plug_crypto": {:hex, :plug_crypto, "1.2.2", "05654514ac717ff3a1843204b424477d9e60c143406aa94daf2274fdd280794d", [:mix], [], "hexpm", "87631c7ad914a5a445f0a3809f99b079113ae4ed4b867348dd9eec288cecb6db"},
  "prometheus": {:hex, :prometheus, "4.8.1", "fa76b152555273739c14b06f09f485cf6d5d301fe4e9d31b7ff803d26025d7a0", [:mix, :rebar3], [{:quantile_estimator, "~> 0.2.1", [hex: :quantile_estimator, repo: "hexpm", optional: false]}], "hexpm", "6edfbe928d271c7f657a6f2c46258738086584bd6cae4a000b8b9a6009ba23a5"},
  "prometheus_ex": {:hex, :prometheus_ex, "3.0.5", "fa58cfd983487fc5ead331e9a3e0aa622c67232b3ec71710ced122c4c453a02f", [:mix], [{:prometheus, "~> 4.0", [hex: :prometheus, repo: "hexpm", optional: false]}], "hexpm", "9fd13404a48437e044b288b41f76e64acd9735fb8b0e3809f494811dfa66d0fb"},
  "prometheus_plugs": {:hex, :prometheus_plugs, "1.1.5", "25933d48f8af3a5941dd7b621c889749894d8a1082a6ff7c67cc99dec26377c5", [:mix], [{:accept, "~> 0.1", [hex: :accept, repo: "hexpm", optional: false]}, {:plug, "~> 1.0", [hex: :plug, repo: "hexpm", optional: false]}, {:prometheus_ex, "~> 1.1 or ~> 2.0 or ~> 3.0", [hex: :prometheus_ex, repo: "hexpm", optional: false]}, {:prometheus_process_collector, "~> 1.1", [hex: :prometheus_process_collector, repo: "hexpm", optional: true]}], "hexpm", "0273a6483ccb936d79ca19b0ab629aef0dba958697c94782bb728b920dfc6a79"},
  "quantile_estimator": {:hex, :quantile_estimator, "0.2.1", "ef50a361f11b5f26b5f16d0696e46a9e4661756492c981f7b2229ef42ff1cd15", [:rebar3], [], "hexpm", "282a8a323ca2a845c9e6f787d166348f776c1d4a41ede63046d72d422e3da946"},
  "ranch": {:hex, :ranch, "1.8.0", "8c7a100a139fd57f17327b6413e4167ac559fbc04ca7448e9be9057311597a1d", [:make, :rebar3], [], "hexpm", "49fbcfd3682fab1f5d109351b61257676da1a2fdbe295904176d5e521a2ddfe5"},
  "swoosh": {:hex, :swoosh, "1.5.1", "ec1b3fa6a092597ac02444c36c6e3c2bc90c89c02e4e0cb262725d07d610c989", [:mix], [{:cowboy, "~> 1.1 or ~> 2.4", [hex: :cowboy, repo: "hexpm", optional: true]}, {:finch, "~> 0.6", [hex: :finch, repo: "hexpm", optional: true]}, {:gen_smtp, "~> 0.13 or ~> 1.0", [hex: :gen_smtp, repo: "hexpm", optional: true]}, {:hackney, "~> 1.9", [hex: :hackney, repo: "hexpm", optional: true]}, {:jason, "~> 1.0", [hex: :jason, repo: "hexpm", optional: false]}, {:mail, "~> 0.2", [hex: :mail, repo: "hexpm", optional: true]}, {:mime, "~> 1.1 or ~> 2.0", [hex: :mime, repo: "hexpm", optional: false]}, {:plug_cowboy, ">= 1.0.0", [hex: :plug_cowboy, repo: "hexpm", optional: true]}, {:telemetry, "~> 0.4.2 or ~> 1.0", [hex: :telemetry, repo: "hexpm", optional: false]}], "hexpm", "867395cbf0d764b24b6bf3c375137b98432cedb8c7f91ef9bd1c379cf626ac42"},
  "telemetry": {:hex, :telemetry, "1.0.0", "0f453a102cdf13d506b7c0ab158324c337c41f1cc7548f0bc0e130bbf0ae9452", [:rebar3], [], "hexpm", "73bc09fa59b4a0284efb4624335583c528e07ec9ae76aca96ea0673850aec57a"},
  "telemetry_metrics": {:hex, :telemetry_metrics, "0.6.1", "315d9163a1d4660aedc3fee73f33f1d355dcc76c5c3ab3d59e76e3edf80eef1f", [:mix], [{:telemetry, "~> 0.4 or ~> 1.0", [hex: :telemetry, repo: "hexpm", optional: false]}], "hexpm", "7be9e0871c41732c233be71e4be11b96e56177bf15dde64a8ac9ce72ac9834c6"},
  "telemetry_poller": {:hex, :telemetry_poller, "1.0.0", "db91bb424e07f2bb6e73926fcafbfcbcb295f0193e0a00e825e589a0a47e8453", [:rebar3], [{:telemetry, "~> 1.0", [hex: :telemetry, repo: "hexpm", optional: false]}], "hexpm", "b3a24eafd66c3f42da30fc3ca7dda1e9d546c12250a2d60d7b81d264fbec4f6e"},
  "telemetry_registry": {:hex, :telemetry_registry, "0.3.0", "6768f151ea53fc0fbca70dbff5b20a8d663ee4e0c0b2ae589590e08658e76f1e", [:mix, :rebar3], [{:telemetry, "~> 1.0", [hex: :telemetry, repo: "hexpm", optional: false]}], "hexpm", "492e2adbc609f3e79ece7f29fec363a97a2c484ac78a83098535d6564781e917"},
}
